dependencies:
- name: redis
  repository: https://charts.bitnami.com/bitnami
  version: 16.13.2
- name: canvas-rce-api
  repository: file://../canvas-rce-api
  version: 2.0.0
digest: sha256:c7a354b90eeb1563f388787a41959bed87ead1052599d318c1fe03f089f0ebdc
generated: "2023-10-11T13:15:31.922069609-07:00"
