dependencies:
- name: redis
  repository: https://charts.bitnami.com/bitnami
  version: 16.13.2
- name: canvas-rce-api
  repository: file://../canvas-rce-api
  version: 3.0.0
digest: sha256:7c065337596552b6a3b2ab2c345fea5b9144e7cc5fc6bc7e2b065aeda964e41a
generated: "2024-04-22T09:26:16.831092524-07:00"
