dependencies:
- name: redis
  repository: https://groundhog2k.github.io/helm-charts/
  version: 2.1.2
- name: canvas-rce-api
  repository: file://../canvas-rce-api
  version: 3.1.1
digest: sha256:34795701af5aedc0f4e00cb8d5b22944daa925a684bbed78df32978001df994a
generated: "2025-10-31T10:42:25.605591912-07:00"
